
Microsoft Visual Studio Solution File, Format Version 12.00
# Visual Studio Version 17
VisualStudioVersion = 17.11.35312.102
MinimumVisualStudioVersion = 10.0.40219.1
Project("{8BC9CEB8-8B4A-11D0-8D11-00A0C91BC942}") = "advancedParenthesesBalance", "advancedParenthesesBalance.vcxproj", "{305A99C9-C3C4-497F-AA43-1BA95B6693CE}"
EndProject
Global
	GlobalSection(SolutionConfigurationPlatforms) = preSolution
		Debug|x64 = Debug|x64
		Debug|x86 = Debug|x86
		Release|x64 = Release|x64
		Release|x86 = Release|x86
	EndGlobalSection
	GlobalSection(ProjectConfigurationPlatforms) = postSolution
		{305A99C9-C3C4-497F-AA43-1BA95B6693CE}.Debug|x64.ActiveCfg = Debug|x64
		{305A99C9-C3C4-497F-AA43-1BA95B6693CE}.Debug|x64.Build.0 = Debug|x64
		{305A99C9-C3C4-497F-AA43-1BA95B6693CE}.Debug|x86.ActiveCfg = Debug|Win32
		{305A99C9-C3C4-497F-AA43-1BA95B6693CE}.Debug|x86.Build.0 = Debug|Win32
		{305A99C9-C3C4-497F-AA43-1BA95B6693CE}.Release|x64.ActiveCfg = Release|x64
		{305A99C9-C3C4-497F-AA43-1BA95B6693CE}.Release|x64.Build.0 = Release|x64
		{305A99C9-C3C4-497F-AA43-1BA95B6693CE}.Release|x86.ActiveCfg = Release|Win32
		{305A99C9-C3C4-497F-AA43-1BA95B6693CE}.Release|x86.Build.0 = Release|Win32
	EndGlobalSection
	GlobalSection(SolutionProperties) = preSolution
		HideSolutionNode = FALSE
	EndGlobalSection
	GlobalSection(ExtensibilityGlobals) = postSolution
		SolutionGuid = {737ED0D9-762B-49E9-AF47-5FFD2EC2A76B}
	EndGlobalSection
EndGlobal
